Microsoft Visual Studio Solution File, Format Version 11.00
# Visual Studio 2008

Project("{E865916C-3FC6-31F4-4D78-2614268C9F6F}") = "Bear Cub Game", "Assembly-CSharp.csproj", "{BFF26D37-DAEB-46AC-D152-3933F8F92777}"
EndProject
Global
	GlobalSection(SolutionConfigurationPlatforms) = preSolution
		Debug|Any CPU = Debug|Any CPU
		Release|Any CPU = Release|Any CPU
	EndGlobalSection
	GlobalSection(ProjectConfigurationPlatforms) = postSolution
		{BFF26D37-DAEB-46AC-D152-3933F8F92777}.Debug|Any CPU.ActiveCfg = Debug|Any CPU
		{BFF26D37-DAEB-46AC-D152-3933F8F92777}.Debug|Any CPU.Build.0 = Debug|Any CPU
		{BFF26D37-DAEB-46AC-D152-3933F8F92777}.Release|Any CPU.ActiveCfg = Release|Any CPU
		{BFF26D37-DAEB-46AC-D152-3933F8F92777}.Release|Any CPU.Build.0 = Release|Any CPU
	EndGlobalSection
	GlobalSection(SolutionProperties) = preSolution
		HideSolutionNode = FALSE
	EndGlobalSection
	GlobalSection(MonoDevelopProperties) = preSolution
		StartupItem = Assembly-CSharp.csproj
	EndGlobalSection
EndGlobal
